// !$*UTF8*$!
{
	archiveVersion = 1;
	classes = {
	};
	objectVersion = 50;
	objects = {

/* Begin PBXBuildFile section */
		3B6A181E21AE80F300DD8B06 /* main.cpp in Sources */ = {isa = PBXBuildFile; fileRef = 3B6A181D21AE80F300DD8B06 /* main.cpp */; };
		3B90B4EC21AE91F000779EB7 /* Vector.cpp in Sources */ = {isa = PBXBuildFile; fileRef = 3B90B4EA21AE91F000779EB7 /* Vector.cpp */; };
		3B90B4F221AE920B00779EB7 /* Stack.cpp in Sources */ = {isa = PBXBuildFile; fileRef = 3B90B4F021AE920B00779EB7 /* Stack.cpp */; };
		3B90B4F521AE921200779EB7 /* Queue.cpp in Sources */ = {isa = PBXBuildFile; fileRef = 3B90B4F321AE921200779EB7 /* Queue.cpp */; };
		3B90B50121AE924A00779EB7 /* Vertex.cpp in Sources */ = {isa = PBXBuildFile; fileRef = 3B90B4FF21AE924A00779EB7 /* Vertex.cpp */; };
		3B90B50421AE925500779EB7 /* Edge.cpp in Sources */ = {isa = PBXBuildFile; fileRef = 3B90B50221AE925500779EB7 /* Edge.cpp */; };
		3B90B50721AE926700779EB7 /* Graph.cpp in Sources */ = {isa = PBXBuildFile; fileRef = 3B90B50521AE926700779EB7 /* Graph.cpp */; };
		3B90B50A21AE928F00779EB7 /* AdjacencyMatrix.cpp in Sources */ = {isa = PBXBuildFile; fileRef = 3B90B50821AE928F00779EB7 /* AdjacencyMatrix.cpp */; };
		3B90B50D21AE92AC00779EB7 /* SingleList.cpp in Sources */ = {isa = PBXBuildFile; fileRef = 3B90B50B21AE92AC00779EB7 /* SingleList.cpp */; };
		3B90B51021AE92F300779EB7 /* BinaryNode.cpp in Sources */ = {isa = PBXBuildFile; fileRef = 3B90B50E21AE92F300779EB7 /* BinaryNode.cpp */; };
		3B90B51321AE92FF00779EB7 /* BinaryTree.cpp in Sources */ = {isa = PBXBuildFile; fileRef = 3B90B51121AE92FF00779EB7 /* BinaryTree.cpp */; };
		3B90B51621AE930900779EB7 /* BinarySearchTree.cpp in Sources */ = {isa = PBXBuildFile; fileRef = 3B90B51421AE930900779EB7 /* BinarySearchTree.cpp */; };
		3B90B51921AE933F00779EB7 /* AdjacencyTable.cpp in Sources */ = {isa = PBXBuildFile; fileRef = 3B90B51721AE933F00779EB7 /* AdjacencyTable.cpp */; };
/* End PBXBuildFile section */

/* Begin PBXCopyFilesBuildPhase section */
		3B6A181821AE80F300DD8B06 /* CopyFiles */ = {
			isa = PBXCopyFilesBuildPhase;
			buildActionMask = 2147483647;
			dstPath = /usr/share/man/man1/;
			dstSubfolderSpec = 0;
			files = (
			);
			runOnlyForDeploymentPostprocessing = 1;
		};
/* End PBXCopyFilesBuildPhase section */

/* Begin PBXFileReference section */
		3B6A181A21AE80F300DD8B06 /* libds */ = {isa = PBXFileReference; explicitFileType = "compiled.mach-o.executable"; includeInIndex = 0; path = libds; sourceTree = BUILT_PRODUCTS_DIR; };
		3B6A181D21AE80F300DD8B06 /* main.cpp */ = {isa = PBXFileReference; lastKnownFileType = sourcecode.cpp.cpp; path = main.cpp; sourceTree = "<group>"; };
		3B90B4EA21AE91F000779EB7 /* Vector.cpp */ = {isa = PBXFileReference; lastKnownFileType = sourcecode.cpp.cpp; path = Vector.cpp; sourceTree = "<group>"; };
		3B90B4EB21AE91F000779EB7 /* Vector.hpp */ = {isa = PBXFileReference; lastKnownFileType = sourcecode.cpp.h; path = Vector.hpp; sourceTree = "<group>"; };
		3B90B4F021AE920B00779EB7 /* Stack.cpp */ = {isa = PBXFileReference; lastKnownFileType = sourcecode.cpp.cpp; path = Stack.cpp; sourceTree = "<group>"; };
		3B90B4F121AE920B00779EB7 /* Stack.hpp */ = {isa = PBXFileReference; lastKnownFileType = sourcecode.cpp.h; path = Stack.hpp; sourceTree = "<group>"; };
		3B90B4F321AE921200779EB7 /* Queue.cpp */ = {isa = PBXFileReference; lastKnownFileType = sourcecode.cpp.cpp; path = Queue.cpp; sourceTree = "<group>"; };
		3B90B4F421AE921200779EB7 /* Queue.hpp */ = {isa = PBXFileReference; lastKnownFileType = sourcecode.cpp.h; path = Queue.hpp; sourceTree = "<group>"; };
		3B90B4FF21AE924A00779EB7 /* Vertex.cpp */ = {isa = PBXFileReference; lastKnownFileType = sourcecode.cpp.cpp; path = Vertex.cpp; sourceTree = "<group>"; };
		3B90B50021AE924A00779EB7 /* Vertex.hpp */ = {isa = PBXFileReference; lastKnownFileType = sourcecode.cpp.h; path = Vertex.hpp; sourceTree = "<group>"; };
		3B90B50221AE925500779EB7 /* Edge.cpp */ = {isa = PBXFileReference; lastKnownFileType = sourcecode.cpp.cpp; path = Edge.cpp; sourceTree = "<group>"; };
		3B90B50321AE925500779EB7 /* Edge.hpp */ = {isa = PBXFileReference; lastKnownFileType = sourcecode.cpp.h; path = Edge.hpp; sourceTree = "<group>"; };
		3B90B50521AE926700779EB7 /* Graph.cpp */ = {isa = PBXFileReference; lastKnownFileType = sourcecode.cpp.cpp; path = Graph.cpp; sourceTree = "<group>"; };
		3B90B50621AE926700779EB7 /* Graph.hpp */ = {isa = PBXFileReference; lastKnownFileType = sourcecode.cpp.h; path = Graph.hpp; sourceTree = "<group>"; };
		3B90B50821AE928F00779EB7 /* AdjacencyMatrix.cpp */ = {isa = PBXFileReference; lastKnownFileType = sourcecode.cpp.cpp; path = AdjacencyMatrix.cpp; sourceTree = "<group>"; };
		3B90B50921AE928F00779EB7 /* AdjacencyMatrix.hpp */ = {isa = PBXFileReference; lastKnownFileType = sourcecode.cpp.h; path = AdjacencyMatrix.hpp; sourceTree = "<group>"; };
		3B90B50B21AE92AC00779EB7 /* SingleList.cpp */ = {isa = PBXFileReference; lastKnownFileType = sourcecode.cpp.cpp; path = SingleList.cpp; sourceTree = "<group>"; };
		3B90B50C21AE92AC00779EB7 /* SingleList.hpp */ = {isa = PBXFileReference; lastKnownFileType = sourcecode.cpp.h; path = SingleList.hpp; sourceTree = "<group>"; };
		3B90B50E21AE92F300779EB7 /* BinaryNode.cpp */ = {isa = PBXFileReference; lastKnownFileType = sourcecode.cpp.cpp; path = BinaryNode.cpp; sourceTree = "<group>"; };
		3B90B50F21AE92F300779EB7 /* BinaryNode.hpp */ = {isa = PBXFileReference; lastKnownFileType = sourcecode.cpp.h; path = BinaryNode.hpp; sourceTree = "<group>"; };
		3B90B51121AE92FF00779EB7 /* BinaryTree.cpp */ = {isa = PBXFileReference; lastKnownFileType = sourcecode.cpp.cpp; path = BinaryTree.cpp; sourceTree = "<group>"; };
		3B90B51221AE92FF00779EB7 /* BinaryTree.hpp */ = {isa = PBXFileReference; lastKnownFileType = sourcecode.cpp.h; path = BinaryTree.hpp; sourceTree = "<group>"; };
		3B90B51421AE930900779EB7 /* BinarySearchTree.cpp */ = {isa = PBXFileReference; lastKnownFileType = sourcecode.cpp.cpp; path = BinarySearchTree.cpp; sourceTree = "<group>"; };
		3B90B51521AE930900779EB7 /* BinarySearchTree.hpp */ = {isa = PBXFileReference; lastKnownFileType = sourcecode.cpp.h; path = BinarySearchTree.hpp; sourceTree = "<group>"; };
		3B90B51721AE933F00779EB7 /* AdjacencyTable.cpp */ = {isa = PBXFileReference; lastKnownFileType = sourcecode.cpp.cpp; path = AdjacencyTable.cpp; sourceTree = "<group>"; };
		3B90B51821AE933F00779EB7 /* AdjacencyTable.hpp */ = {isa = PBXFileReference; lastKnownFileType = sourcecode.cpp.h; path = AdjacencyTable.hpp; sourceTree = "<group>"; };
/* End PBXFileReference section */

/* Begin PBXFrameworksBuildPhase section */
		3B6A181721AE80F300DD8B06 /* Frameworks */ = {
			isa = PBXFrameworksBuildPhase;
			buildActionMask = 2147483647;
			files = (
			);
			runOnlyForDeploymentPostprocessing = 0;
		};
/* End PBXFrameworksBuildPhase section */

/* Begin PBXGroup section */
		3B6A181121AE80F300DD8B06 = {
			isa = PBXGroup;
			children = (
				3B6A181C21AE80F300DD8B06 /* libds */,
				3B6A181B21AE80F300DD8B06 /* Products */,
			);
			sourceTree = "<group>";
		};
		3B6A181B21AE80F300DD8B06 /* Products */ = {
			isa = PBXGroup;
			children = (
				3B6A181A21AE80F300DD8B06 /* libds */,
			);
			name = Products;
			sourceTree = "<group>";
		};
		3B6A181C21AE80F300DD8B06 /* libds */ = {
			isa = PBXGroup;
			children = (
				3B6A181D21AE80F300DD8B06 /* main.cpp */,
				3B6A182421AE812500DD8B06 /* linear */,
				3B6A182521AE813A00DD8B06 /* tree */,
				3B6A182621AE814100DD8B06 /* graph */,
				3B6A182721AE856B00DD8B06 /* others */,
			);
			path = libds;
			sourceTree = "<group>";
		};
		3B6A182421AE812500DD8B06 /* linear */ = {
			isa = PBXGroup;
			children = (
				3B90B4EA21AE91F000779EB7 /* Vector.cpp */,
				3B90B4EB21AE91F000779EB7 /* Vector.hpp */,
				3B90B50B21AE92AC00779EB7 /* SingleList.cpp */,
				3B90B50C21AE92AC00779EB7 /* SingleList.hpp */,
				3B90B4F021AE920B00779EB7 /* Stack.cpp */,
				3B90B4F121AE920B00779EB7 /* Stack.hpp */,
				3B90B4F321AE921200779EB7 /* Queue.cpp */,
				3B90B4F421AE921200779EB7 /* Queue.hpp */,
			);
			path = linear;
			sourceTree = "<group>";
		};
		3B6A182521AE813A00DD8B06 /* tree */ = {
			isa = PBXGroup;
			children = (
				3B90B50E21AE92F300779EB7 /* BinaryNode.cpp */,
				3B90B50F21AE92F300779EB7 /* BinaryNode.hpp */,
				3B90B51121AE92FF00779EB7 /* BinaryTree.cpp */,
				3B90B51221AE92FF00779EB7 /* BinaryTree.hpp */,
				3B90B51421AE930900779EB7 /* BinarySearchTree.cpp */,
				3B90B51521AE930900779EB7 /* BinarySearchTree.hpp */,
			);
			path = tree;
			sourceTree = "<group>";
		};
		3B6A182621AE814100DD8B06 /* graph */ = {
			isa = PBXGroup;
			children = (
				3B90B4FF21AE924A00779EB7 /* Vertex.cpp */,
				3B90B50021AE924A00779EB7 /* Vertex.hpp */,
				3B90B50221AE925500779EB7 /* Edge.cpp */,
				3B90B50321AE925500779EB7 /* Edge.hpp */,
				3B90B50521AE926700779EB7 /* Graph.cpp */,
				3B90B50621AE926700779EB7 /* Graph.hpp */,
				3B90B50821AE928F00779EB7 /* AdjacencyMatrix.cpp */,
				3B90B50921AE928F00779EB7 /* AdjacencyMatrix.hpp */,
				3B90B51721AE933F00779EB7 /* AdjacencyTable.cpp */,
				3B90B51821AE933F00779EB7 /* AdjacencyTable.hpp */,
			);
			path = graph;
			sourceTree = "<group>";
		};
		3B6A182721AE856B00DD8B06 /* others */ = {
			isa = PBXGroup;
			children = (
			);
			path = others;
			sourceTree = "<group>";
		};
/* End PBXGroup section */

/* Begin PBXNativeTarget section */
		3B6A181921AE80F300DD8B06 /* libds */ = {
			isa = PBXNativeTarget;
			buildConfigurationList = 3B6A182121AE80F300DD8B06 /* Build configuration list for PBXNativeTarget "libds" */;
			buildPhases = (
				3B6A181621AE80F300DD8B06 /* Sources */,
				3B6A181721AE80F300DD8B06 /* Frameworks */,
				3B6A181821AE80F300DD8B06 /* CopyFiles */,
			);
			buildRules = (
			);
			dependencies = (
			);
			name = libds;
			productName = libds;
			productReference = 3B6A181A21AE80F300DD8B06 /* libds */;
			productType = "com.apple.product-type.tool";
		};
/* End PBXNativeTarget section */

/* Begin PBXProject section */
		3B6A181221AE80F300DD8B06 /* Project object */ = {
			isa = PBXProject;
			attributes = {
				LastUpgradeCheck = 1010;
				ORGANIZATIONNAME = vtta;
				TargetAttributes = {
					3B6A181921AE80F300DD8B06 = {
						CreatedOnToolsVersion = 10.1;
					};
				};
			};
			buildConfigurationList = 3B6A181521AE80F300DD8B06 /* Build configuration list for PBXProject "libds" */;
			compatibilityVersion = "Xcode 9.3";
			developmentRegion = en;
			hasScannedForEncodings = 0;
			knownRegions = (
				en,
			);
			mainGroup = 3B6A181121AE80F300DD8B06;
			productRefGroup = 3B6A181B21AE80F300DD8B06 /* Products */;
			projectDirPath = "";
			projectRoot = "";
			targets = (
				3B6A181921AE80F300DD8B06 /* libds */,
			);
		};
/* End PBXProject section */

/* Begin PBXSourcesBuildPhase section */
		3B6A181621AE80F300DD8B06 /* Sources */ = {
			isa = PBXSourcesBuildPhase;
			buildActionMask = 2147483647;
			files = (
				3B90B51021AE92F300779EB7 /* BinaryNode.cpp in Sources */,
				3B90B50721AE926700779EB7 /* Graph.cpp in Sources */,
				3B90B50D21AE92AC00779EB7 /* SingleList.cpp in Sources */,
				3B90B4F221AE920B00779EB7 /* Stack.cpp in Sources */,
				3B90B50A21AE928F00779EB7 /* AdjacencyMatrix.cpp in Sources */,
				3B90B51921AE933F00779EB7 /* AdjacencyTable.cpp in Sources */,
				3B90B50121AE924A00779EB7 /* Vertex.cpp in Sources */,
				3B90B50421AE925500779EB7 /* Edge.cpp in Sources */,
				3B90B4EC21AE91F000779EB7 /* Vector.cpp in Sources */,
				3B90B51621AE930900779EB7 /* BinarySearchTree.cpp in Sources */,
				3B90B4F521AE921200779EB7 /* Queue.cpp in Sources */,
				3B90B51321AE92FF00779EB7 /* BinaryTree.cpp in Sources */,
				3B6A181E21AE80F300DD8B06 /* main.cpp in Sources */,
			);
			runOnlyForDeploymentPostprocessing = 0;
		};
/* End PBXSourcesBuildPhase section */

/* Begin XCBuildConfiguration section */
		3B6A181F21AE80F300DD8B06 /* Debug */ = {
			isa = XCBuildConfiguration;
			buildSettings = {
				ALWAYS_SEARCH_USER_PATHS = NO;
				CLANG_ANALYZER_NONNULL = YES;
				CLANG_ANALYZER_NUMBER_OBJECT_CONVERSION = YES_AGGRESSIVE;
				CLANG_CXX_LANGUAGE_STANDARD = "gnu++14";
				CLANG_CXX_LIBRARY = "libc++";
				CLANG_ENABLE_MODULES = YES;
				CLANG_ENABLE_OBJC_ARC = YES;
				CLANG_ENABLE_OBJC_WEAK = YES;
				CLANG_WARN_BLOCK_CAPTURE_AUTORELEASING = YES;
				CLANG_WARN_BOOL_CONVERSION = YES;
				CLANG_WARN_COMMA = YES;
				CLANG_WARN_CONSTANT_CONVERSION = YES;
				CLANG_WARN_DEPRECATED_OBJC_IMPLEMENTATIONS = YES;
				CLANG_WARN_DIRECT_OBJC_ISA_USAGE = YES_ERROR;
				CLANG_WARN_DOCUMENTATION_COMMENTS = YES;
				CLANG_WARN_EMPTY_BODY = YES;
				CLANG_WARN_ENUM_CONVERSION = YES;
				CLANG_WARN_INFINITE_RECURSION = YES;
				CLANG_WARN_INT_CONVERSION = YES;
				CLANG_WARN_NON_LITERAL_NULL_CONVERSION = YES;
				CLANG_WARN_OBJC_IMPLICIT_RETAIN_SELF = YES;
				CLANG_WARN_OBJC_LITERAL_CONVERSION = YES;
				CLANG_WARN_OBJC_ROOT_CLASS = YES_ERROR;
				CLANG_WARN_RANGE_LOOP_ANALYSIS = YES;
				CLANG_WARN_STRICT_PROTOTYPES = YES;
				CLANG_WARN_SUSPICIOUS_MOVE = YES;
				CLANG_WARN_UNGUARDED_AVAILABILITY = YES_AGGRESSIVE;
				CLANG_WARN_UNREACHABLE_CODE = YES;
				CLANG_WARN__DUPLICATE_METHOD_MATCH = YES;
				CODE_SIGN_IDENTITY = "-";
				COPY_PHASE_STRIP = NO;
				DEBUG_INFORMATION_FORMAT = dwarf;
				ENABLE_STRICT_OBJC_MSGSEND = YES;
				ENABLE_TESTABILITY = YES;
				GCC_C_LANGUAGE_STANDARD = gnu11;
				GCC_DYNAMIC_NO_PIC = NO;
				GCC_NO_COMMON_BLOCKS = YES;
				GCC_OPTIMIZATION_LEVEL = 0;
				GCC_PREPROCESSOR_DEFINITIONS = (
					"DEBUG=1",
					"$(inherited)",
				);
				GCC_WARN_64_TO_32_BIT_CONVERSION = YES;
				GCC_WARN_ABOUT_RETURN_TYPE = YES_ERROR;
				GCC_WARN_UNDECLARED_SELECTOR = YES;
				GCC_WARN_UNINITIALIZED_AUTOS = YES_AGGRESSIVE;
				GCC_WARN_UNUSED_FUNCTION = YES;
				GCC_WARN_UNUSED_VARIABLE = YES;
				MACOSX_DEPLOYMENT_TARGET = 10.14;
				MTL_ENABLE_DEBUG_INFO = INCLUDE_SOURCE;
				MTL_FAST_MATH = YES;
				ONLY_ACTIVE_ARCH = YES;
				SDKROOT = macosx;
			};
			name = Debug;
		};
		3B6A182021AE80F300DD8B06 /* Release */ = {
			isa = XCBuildConfiguration;
			buildSettings = {
				ALWAYS_SEARCH_USER_PATHS = NO;
				CLANG_ANALYZER_NONNULL = YES;
				CLANG_ANALYZER_NUMBER_OBJECT_CONVERSION = YES_AGGRESSIVE;
				CLANG_CXX_LANGUAGE_STANDARD = "gnu++14";
				CLANG_CXX_LIBRARY = "libc++";
				CLANG_ENABLE_MODULES = YES;
				CLANG_ENABLE_OBJC_ARC = YES;
				CLANG_ENABLE_OBJC_WEAK = YES;
				CLANG_WARN_BLOCK_CAPTURE_AUTORELEASING = YES;
				CLANG_WARN_BOOL_CONVERSION = YES;
				CLANG_WARN_COMMA = YES;
				CLANG_WARN_CONSTANT_CONVERSION = YES;
				CLANG_WARN_DEPRECATED_OBJC_IMPLEMENTATIONS = YES;
				CLANG_WARN_DIRECT_OBJC_ISA_USAGE = YES_ERROR;
				CLANG_WARN_DOCUMENTATION_COMMENTS = YES;
				CLANG_WARN_EMPTY_BODY = YES;
				CLANG_WARN_ENUM_CONVERSION = YES;
				CLANG_WARN_INFINITE_RECURSION = YES;
				CLANG_WARN_INT_CONVERSION = YES;
				CLANG_WARN_NON_LITERAL_NULL_CONVERSION = YES;
				CLANG_WARN_OBJC_IMPLICIT_RETAIN_SELF = YES;
				CLANG_WARN_OBJC_LITERAL_CONVERSION = YES;
				CLANG_WARN_OBJC_ROOT_CLASS = YES_ERROR;
				CLANG_WARN_RANGE_LOOP_ANALYSIS = YES;
				CLANG_WARN_STRICT_PROTOTYPES = YES;
				CLANG_WARN_SUSPICIOUS_MOVE = YES;
				CLANG_WARN_UNGUARDED_AVAILABILITY = YES_AGGRESSIVE;
				CLANG_WARN_UNREACHABLE_CODE = YES;
				CLANG_WARN__DUPLICATE_METHOD_MATCH = YES;
				CODE_SIGN_IDENTITY = "-";
				COPY_PHASE_STRIP = NO;
				DEBUG_INFORMATION_FORMAT = "dwarf-with-dsym";
				ENABLE_NS_ASSERTIONS = NO;
				ENABLE_STRICT_OBJC_MSGSEND = YES;
				GCC_C_LANGUAGE_STANDARD = gnu11;
				GCC_NO_COMMON_BLOCKS = YES;
				GCC_WARN_64_TO_32_BIT_CONVERSION = YES;
				GCC_WARN_ABOUT_RETURN_TYPE = YES_ERROR;
				GCC_WARN_UNDECLARED_SELECTOR = YES;
				GCC_WARN_UNINITIALIZED_AUTOS = YES_AGGRESSIVE;
				GCC_WARN_UNUSED_FUNCTION = YES;
				GCC_WARN_UNUSED_VARIABLE = YES;
				MACOSX_DEPLOYMENT_TARGET = 10.14;
				MTL_ENABLE_DEBUG_INFO = NO;
				MTL_FAST_MATH = YES;
				SDKROOT = macosx;
			};
			name = Release;
		};
		3B6A182221AE80F300DD8B06 /* Debug */ = {
			isa = XCBuildConfiguration;
			buildSettings = {
				CODE_SIGN_IDENTITY = "Mac Developer";
				CODE_SIGN_STYLE = Automatic;
				DEVELOPMENT_TEAM = 7CNZHFNM4B;
				PRODUCT_NAME = "$(TARGET_NAME)";
				PROVISIONING_PROFILE_SPECIFIER = "";
			};
			name = Debug;
		};
		3B6A182321AE80F300DD8B06 /* Release */ = {
			isa = XCBuildConfiguration;
			buildSettings = {
				CODE_SIGN_IDENTITY = "Mac Developer";
				CODE_SIGN_STYLE = Automatic;
				DEVELOPMENT_TEAM = 7CNZHFNM4B;
				PRODUCT_NAME = "$(TARGET_NAME)";
				PROVISIONING_PROFILE_SPECIFIER = "";
			};
			name = Release;
		};
/* End XCBuildConfiguration section */

/* Begin XCConfigurationList section */
		3B6A181521AE80F300DD8B06 /* Build configuration list for PBXProject "libds" */ = {
			isa = XCConfigurationList;
			buildConfigurations = (
				3B6A181F21AE80F300DD8B06 /* Debug */,
				3B6A182021AE80F300DD8B06 /* Release */,
			);
			defaultConfigurationIsVisible = 0;
			defaultConfigurationName = Release;
		};
		3B6A182121AE80F300DD8B06 /* Build configuration list for PBXNativeTarget "libds" */ = {
			isa = XCConfigurationList;
			buildConfigurations = (
				3B6A182221AE80F300DD8B06 /* Debug */,
				3B6A182321AE80F300DD8B06 /* Release */,
			);
			defaultConfigurationIsVisible = 0;
			defaultConfigurationName = Release;
		};
/* End XCConfigurationList section */
	};
	rootObject = 3B6A181221AE80F300DD8B06 /* Project object */;
}
