// !$*UTF8*$!
{
	archiveVersion = 1;
	classes = {
	};
	objectVersion = 50;
	objects = {

/* Begin PBXBuildFile section */
		3B65F21B21CA2E6B0045009A /* CompleteHeap.cpp in Sources */ = {isa = PBXBuildFile; fileRef = 3B65F21921CA2E6B0045009A /* CompleteHeap.cpp */; };
		3B6A181E21AE80F300DD8B06 /* main.cpp in Sources */ = {isa = PBXBuildFile; fileRef = 3B6A181D21AE80F300DD8B06 /* main.cpp */; };
		3B7F3D7F21CFAE6D00F04C2F /* DictionaryInterface.cpp in Sources */ = {isa = PBXBuildFile; fileRef = 3B7F3D7D21CFAE6D00F04C2F /* DictionaryInterface.cpp */; };
		3B90B4EC21AE91F000779EB7 /* Vector.cpp in Sources */ = {isa = PBXBuildFile; fileRef = 3B90B4EA21AE91F000779EB7 /* Vector.cpp */; };
		3B90B4F221AE920B00779EB7 /* Stack.cpp in Sources */ = {isa = PBXBuildFile; fileRef = 3B90B4F021AE920B00779EB7 /* Stack.cpp */; };
		3B90B4F521AE921200779EB7 /* Queue.cpp in Sources */ = {isa = PBXBuildFile; fileRef = 3B90B4F321AE921200779EB7 /* Queue.cpp */; };
		3B90B50121AE924A00779EB7 /* VertexInterface.cpp in Sources */ = {isa = PBXBuildFile; fileRef = 3B90B4FF21AE924A00779EB7 /* VertexInterface.cpp */; };
		3B90B50421AE925500779EB7 /* EdgeInterface.cpp in Sources */ = {isa = PBXBuildFile; fileRef = 3B90B50221AE925500779EB7 /* EdgeInterface.cpp */; };
		3B90B50721AE926700779EB7 /* GraphInterface.cpp in Sources */ = {isa = PBXBuildFile; fileRef = 3B90B50521AE926700779EB7 /* GraphInterface.cpp */; };
		3B90B50A21AE928F00779EB7 /* AdjacencyMatrix.cpp in Sources */ = {isa = PBXBuildFile; fileRef = 3B90B50821AE928F00779EB7 /* AdjacencyMatrix.cpp */; };
		3B90B50D21AE92AC00779EB7 /* SingleList.cpp in Sources */ = {isa = PBXBuildFile; fileRef = 3B90B50B21AE92AC00779EB7 /* SingleList.cpp */; };
		3B90B51021AE92F300779EB7 /* BinaryNode.cpp in Sources */ = {isa = PBXBuildFile; fileRef = 3B90B50E21AE92F300779EB7 /* BinaryNode.cpp */; };
		3B90B51321AE92FF00779EB7 /* BinaryTree.cpp in Sources */ = {isa = PBXBuildFile; fileRef = 3B90B51121AE92FF00779EB7 /* BinaryTree.cpp */; };
		3B90B51621AE930900779EB7 /* BinarySearchTree.cpp in Sources */ = {isa = PBXBuildFile; fileRef = 3B90B51421AE930900779EB7 /* BinarySearchTree.cpp */; };
		3B90B51C21AE949200779EB7 /* RedBlackTree.cpp in Sources */ = {isa = PBXBuildFile; fileRef = 3B90B51A21AE949200779EB7 /* RedBlackTree.cpp */; };
		3B90B51F21AE951C00779EB7 /* HashTable.cpp in Sources */ = {isa = PBXBuildFile; fileRef = 3B90B51D21AE951C00779EB7 /* HashTable.cpp */; };
		3B90B52221AE952800779EB7 /* PriorityQueueInterface.cpp in Sources */ = {isa = PBXBuildFile; fileRef = 3B90B52021AE952800779EB7 /* PriorityQueueInterface.cpp */; };
		3B9810E021AFC3C000B70BBF /* DoubleListNode.cpp in Sources */ = {isa = PBXBuildFile; fileRef = 3B9810DE21AFC3C000B70BBF /* DoubleListNode.cpp */; };
		3B9810E321AFC73D00B70BBF /* DoubleList.cpp in Sources */ = {isa = PBXBuildFile; fileRef = 3B9810E121AFC73D00B70BBF /* DoubleList.cpp */; };
		3BE2C19C21AEEA4C00EE7BED /* Utils.cpp in Sources */ = {isa = PBXBuildFile; fileRef = 3BE2C19A21AEEA4C00EE7BED /* Utils.cpp */; };
		3BEE9DF421D0B12400C9B8D7 /* BitSet.cpp in Sources */ = {isa = PBXBuildFile; fileRef = 3BEE9DF221D0B12400C9B8D7 /* BitSet.cpp */; };
		3BEF50D221C7F39A00056923 /* Test.cpp in Sources */ = {isa = PBXBuildFile; fileRef = 3BEF50D021C7F39A00056923 /* Test.cpp */; };
		3BFDC68921C0E14D0015866E /* AdjacencyList.cpp in Sources */ = {isa = PBXBuildFile; fileRef = 3BFDC68721C0E14D0015866E /* AdjacencyList.cpp */; };
		3BFDC68C21C0E9440015866E /* Pair.cpp in Sources */ = {isa = PBXBuildFile; fileRef = 3BFDC68A21C0E9440015866E /* Pair.cpp */; };
/* End PBXBuildFile section */

/* Begin PBXCopyFilesBuildPhase section */
		3B6A181821AE80F300DD8B06 /* CopyFiles */ = {
			isa = PBXCopyFilesBuildPhase;
			buildActionMask = 2147483647;
			dstPath = /usr/share/man/man1/;
			dstSubfolderSpec = 0;
			files = (
			);
			runOnlyForDeploymentPostprocessing = 1;
		};
/* End PBXCopyFilesBuildPhase section */

/* Begin PBXFileReference section */
		3B65F21921CA2E6B0045009A /* CompleteHeap.cpp */ = {isa = PBXFileReference; lastKnownFileType = sourcecode.cpp.cpp; path = CompleteHeap.cpp; sourceTree = "<group>"; };
		3B65F21A21CA2E6B0045009A /* CompleteHeap.hpp */ = {isa = PBXFileReference; lastKnownFileType = sourcecode.cpp.h; path = CompleteHeap.hpp; sourceTree = "<group>"; };
		3B6A181A21AE80F300DD8B06 /* libds */ = {isa = PBXFileReference; explicitFileType = "compiled.mach-o.executable"; includeInIndex = 0; path = libds; sourceTree = BUILT_PRODUCTS_DIR; };
		3B6A181D21AE80F300DD8B06 /* main.cpp */ = {isa = PBXFileReference; lastKnownFileType = sourcecode.cpp.cpp; path = main.cpp; sourceTree = "<group>"; };
		3B7F3D7D21CFAE6D00F04C2F /* DictionaryInterface.cpp */ = {isa = PBXFileReference; lastKnownFileType = sourcecode.cpp.cpp; path = DictionaryInterface.cpp; sourceTree = "<group>"; };
		3B7F3D7E21CFAE6D00F04C2F /* DictionaryInterface.hpp */ = {isa = PBXFileReference; lastKnownFileType = sourcecode.cpp.h; path = DictionaryInterface.hpp; sourceTree = "<group>"; };
		3B90B4EA21AE91F000779EB7 /* Vector.cpp */ = {isa = PBXFileReference; lastKnownFileType = sourcecode.cpp.cpp; path = Vector.cpp; sourceTree = "<group>"; };
		3B90B4EB21AE91F000779EB7 /* Vector.hpp */ = {isa = PBXFileReference; lastKnownFileType = sourcecode.cpp.h; path = Vector.hpp; sourceTree = "<group>"; };
		3B90B4F021AE920B00779EB7 /* Stack.cpp */ = {isa = PBXFileReference; lastKnownFileType = sourcecode.cpp.cpp; path = Stack.cpp; sourceTree = "<group>"; };
		3B90B4F121AE920B00779EB7 /* Stack.hpp */ = {isa = PBXFileReference; lastKnownFileType = sourcecode.cpp.h; path = Stack.hpp; sourceTree = "<group>"; };
		3B90B4F321AE921200779EB7 /* Queue.cpp */ = {isa = PBXFileReference; lastKnownFileType = sourcecode.cpp.cpp; path = Queue.cpp; sourceTree = "<group>"; };
		3B90B4F421AE921200779EB7 /* Queue.hpp */ = {isa = PBXFileReference; lastKnownFileType = sourcecode.cpp.h; path = Queue.hpp; sourceTree = "<group>"; };
		3B90B4FF21AE924A00779EB7 /* VertexInterface.cpp */ = {isa = PBXFileReference; lastKnownFileType = sourcecode.cpp.cpp; path = VertexInterface.cpp; sourceTree = "<group>"; };
		3B90B50021AE924A00779EB7 /* VertexInterface.hpp */ = {isa = PBXFileReference; lastKnownFileType = sourcecode.cpp.h; path = VertexInterface.hpp; sourceTree = "<group>"; };
		3B90B50221AE925500779EB7 /* EdgeInterface.cpp */ = {isa = PBXFileReference; lastKnownFileType = sourcecode.cpp.cpp; path = EdgeInterface.cpp; sourceTree = "<group>"; };
		3B90B50321AE925500779EB7 /* EdgeInterface.hpp */ = {isa = PBXFileReference; lastKnownFileType = sourcecode.cpp.h; path = EdgeInterface.hpp; sourceTree = "<group>"; };
		3B90B50521AE926700779EB7 /* GraphInterface.cpp */ = {isa = PBXFileReference; lastKnownFileType = sourcecode.cpp.cpp; path = GraphInterface.cpp; sourceTree = "<group>"; };
		3B90B50621AE926700779EB7 /* GraphInterface.hpp */ = {isa = PBXFileReference; lastKnownFileType = sourcecode.cpp.h; path = GraphInterface.hpp; sourceTree = "<group>"; };
		3B90B50821AE928F00779EB7 /* AdjacencyMatrix.cpp */ = {isa = PBXFileReference; lastKnownFileType = sourcecode.cpp.cpp; path = AdjacencyMatrix.cpp; sourceTree = "<group>"; };
		3B90B50921AE928F00779EB7 /* AdjacencyMatrix.hpp */ = {isa = PBXFileReference; lastKnownFileType = sourcecode.cpp.h; path = AdjacencyMatrix.hpp; sourceTree = "<group>"; };
		3B90B50B21AE92AC00779EB7 /* SingleList.cpp */ = {isa = PBXFileReference; lastKnownFileType = sourcecode.cpp.cpp; path = SingleList.cpp; sourceTree = "<group>"; };
		3B90B50C21AE92AC00779EB7 /* SingleList.hpp */ = {isa = PBXFileReference; lastKnownFileType = sourcecode.cpp.h; path = SingleList.hpp; sourceTree = "<group>"; };
		3B90B50E21AE92F300779EB7 /* BinaryNode.cpp */ = {isa = PBXFileReference; lastKnownFileType = sourcecode.cpp.cpp; path = BinaryNode.cpp; sourceTree = "<group>"; };
		3B90B50F21AE92F300779EB7 /* BinaryNode.hpp */ = {isa = PBXFileReference; lastKnownFileType = sourcecode.cpp.h; path = BinaryNode.hpp; sourceTree = "<group>"; };
		3B90B51121AE92FF00779EB7 /* BinaryTree.cpp */ = {isa = PBXFileReference; lastKnownFileType = sourcecode.cpp.cpp; path = BinaryTree.cpp; sourceTree = "<group>"; };
		3B90B51221AE92FF00779EB7 /* BinaryTree.hpp */ = {isa = PBXFileReference; lastKnownFileType = sourcecode.cpp.h; path = BinaryTree.hpp; sourceTree = "<group>"; };
		3B90B51421AE930900779EB7 /* BinarySearchTree.cpp */ = {isa = PBXFileReference; lastKnownFileType = sourcecode.cpp.cpp; path = BinarySearchTree.cpp; sourceTree = "<group>"; };
		3B90B51521AE930900779EB7 /* BinarySearchTree.hpp */ = {isa = PBXFileReference; lastKnownFileType = sourcecode.cpp.h; path = BinarySearchTree.hpp; sourceTree = "<group>"; };
		3B90B51A21AE949200779EB7 /* RedBlackTree.cpp */ = {isa = PBXFileReference; lastKnownFileType = sourcecode.cpp.cpp; path = RedBlackTree.cpp; sourceTree = "<group>"; };
		3B90B51B21AE949200779EB7 /* RedBlackTree.hpp */ = {isa = PBXFileReference; lastKnownFileType = sourcecode.cpp.h; path = RedBlackTree.hpp; sourceTree = "<group>"; };
		3B90B51D21AE951C00779EB7 /* HashTable.cpp */ = {isa = PBXFileReference; lastKnownFileType = sourcecode.cpp.cpp; path = HashTable.cpp; sourceTree = "<group>"; };
		3B90B51E21AE951C00779EB7 /* HashTable.hpp */ = {isa = PBXFileReference; lastKnownFileType = sourcecode.cpp.h; path = HashTable.hpp; sourceTree = "<group>"; };
		3B90B52021AE952800779EB7 /* PriorityQueueInterface.cpp */ = {isa = PBXFileReference; lastKnownFileType = sourcecode.cpp.cpp; path = PriorityQueueInterface.cpp; sourceTree = "<group>"; };
		3B90B52121AE952800779EB7 /* PriorityQueueInterface.hpp */ = {isa = PBXFileReference; lastKnownFileType = sourcecode.cpp.h; path = PriorityQueueInterface.hpp; sourceTree = "<group>"; };
		3B9810DE21AFC3C000B70BBF /* DoubleListNode.cpp */ = {isa = PBXFileReference; lastKnownFileType = sourcecode.cpp.cpp; path = DoubleListNode.cpp; sourceTree = "<group>"; };
		3B9810DF21AFC3C000B70BBF /* DoubleListNode.hpp */ = {isa = PBXFileReference; lastKnownFileType = sourcecode.cpp.h; path = DoubleListNode.hpp; sourceTree = "<group>"; };
		3B9810E121AFC73D00B70BBF /* DoubleList.cpp */ = {isa = PBXFileReference; lastKnownFileType = sourcecode.cpp.cpp; path = DoubleList.cpp; sourceTree = "<group>"; };
		3B9810E221AFC73D00B70BBF /* DoubleList.hpp */ = {isa = PBXFileReference; lastKnownFileType = sourcecode.cpp.h; path = DoubleList.hpp; sourceTree = "<group>"; };
		3BE2C19A21AEEA4C00EE7BED /* Utils.cpp */ = {isa = PBXFileReference; lastKnownFileType = sourcecode.cpp.cpp; path = Utils.cpp; sourceTree = "<group>"; };
		3BE2C19B21AEEA4C00EE7BED /* Utils.hpp */ = {isa = PBXFileReference; lastKnownFileType = sourcecode.cpp.h; path = Utils.hpp; sourceTree = "<group>"; };
		3BEE9DF221D0B12400C9B8D7 /* BitSet.cpp */ = {isa = PBXFileReference; lastKnownFileType = sourcecode.cpp.cpp; path = BitSet.cpp; sourceTree = "<group>"; };
		3BEE9DF321D0B12400C9B8D7 /* BitSet.hpp */ = {isa = PBXFileReference; lastKnownFileType = sourcecode.cpp.h; path = BitSet.hpp; sourceTree = "<group>"; };
		3BEF50D021C7F39A00056923 /* Test.cpp */ = {isa = PBXFileReference; lastKnownFileType = sourcecode.cpp.cpp; path = Test.cpp; sourceTree = "<group>"; };
		3BEF50D121C7F39A00056923 /* Test.hpp */ = {isa = PBXFileReference; lastKnownFileType = sourcecode.cpp.h; path = Test.hpp; sourceTree = "<group>"; };
		3BFDC68721C0E14D0015866E /* AdjacencyList.cpp */ = {isa = PBXFileReference; lastKnownFileType = sourcecode.cpp.cpp; path = AdjacencyList.cpp; sourceTree = "<group>"; };
		3BFDC68821C0E14D0015866E /* AdjacencyList.hpp */ = {isa = PBXFileReference; lastKnownFileType = sourcecode.cpp.h; path = AdjacencyList.hpp; sourceTree = "<group>"; };
		3BFDC68A21C0E9440015866E /* Pair.cpp */ = {isa = PBXFileReference; lastKnownFileType = sourcecode.cpp.cpp; path = Pair.cpp; sourceTree = "<group>"; };
		3BFDC68B21C0E9440015866E /* Pair.hpp */ = {isa = PBXFileReference; lastKnownFileType = sourcecode.cpp.h; path = Pair.hpp; sourceTree = "<group>"; };
/* End PBXFileReference section */

/* Begin PBXFrameworksBuildPhase section */
		3B6A181721AE80F300DD8B06 /* Frameworks */ = {
			isa = PBXFrameworksBuildPhase;
			buildActionMask = 2147483647;
			files = (
			);
			runOnlyForDeploymentPostprocessing = 0;
		};
/* End PBXFrameworksBuildPhase section */

/* Begin PBXGroup section */
		3B6A181121AE80F300DD8B06 = {
			isa = PBXGroup;
			children = (
				3B6A181C21AE80F300DD8B06 /* libds */,
				3B6A181B21AE80F300DD8B06 /* Products */,
			);
			sourceTree = "<group>";
		};
		3B6A181B21AE80F300DD8B06 /* Products */ = {
			isa = PBXGroup;
			children = (
				3B6A181A21AE80F300DD8B06 /* libds */,
			);
			name = Products;
			sourceTree = "<group>";
		};
		3B6A181C21AE80F300DD8B06 /* libds */ = {
			isa = PBXGroup;
			children = (
				3B6A181D21AE80F300DD8B06 /* main.cpp */,
				3B6A182421AE812500DD8B06 /* linear */,
				3B6A182521AE813A00DD8B06 /* tree */,
				3B6A182621AE814100DD8B06 /* graph */,
				3B6A182721AE856B00DD8B06 /* others */,
			);
			path = libds;
			sourceTree = "<group>";
		};
		3B6A182421AE812500DD8B06 /* linear */ = {
			isa = PBXGroup;
			children = (
				3BEE9DF221D0B12400C9B8D7 /* BitSet.cpp */,
				3BEE9DF321D0B12400C9B8D7 /* BitSet.hpp */,
				3B9810E121AFC73D00B70BBF /* DoubleList.cpp */,
				3B9810E221AFC73D00B70BBF /* DoubleList.hpp */,
				3B9810DE21AFC3C000B70BBF /* DoubleListNode.cpp */,
				3B9810DF21AFC3C000B70BBF /* DoubleListNode.hpp */,
				3B90B4F321AE921200779EB7 /* Queue.cpp */,
				3B90B4F421AE921200779EB7 /* Queue.hpp */,
				3B90B50B21AE92AC00779EB7 /* SingleList.cpp */,
				3B90B50C21AE92AC00779EB7 /* SingleList.hpp */,
				3B90B4F021AE920B00779EB7 /* Stack.cpp */,
				3B90B4F121AE920B00779EB7 /* Stack.hpp */,
				3B90B4EA21AE91F000779EB7 /* Vector.cpp */,
				3B90B4EB21AE91F000779EB7 /* Vector.hpp */,
			);
			path = linear;
			sourceTree = "<group>";
		};
		3B6A182521AE813A00DD8B06 /* tree */ = {
			isa = PBXGroup;
			children = (
				3B90B50E21AE92F300779EB7 /* BinaryNode.cpp */,
				3B90B50F21AE92F300779EB7 /* BinaryNode.hpp */,
				3B90B51421AE930900779EB7 /* BinarySearchTree.cpp */,
				3B90B51521AE930900779EB7 /* BinarySearchTree.hpp */,
				3B90B51121AE92FF00779EB7 /* BinaryTree.cpp */,
				3B90B51221AE92FF00779EB7 /* BinaryTree.hpp */,
				3B65F21921CA2E6B0045009A /* CompleteHeap.cpp */,
				3B65F21A21CA2E6B0045009A /* CompleteHeap.hpp */,
				3B90B51A21AE949200779EB7 /* RedBlackTree.cpp */,
				3B90B51B21AE949200779EB7 /* RedBlackTree.hpp */,
			);
			path = tree;
			sourceTree = "<group>";
		};
		3B6A182621AE814100DD8B06 /* graph */ = {
			isa = PBXGroup;
			children = (
				3BFDC68721C0E14D0015866E /* AdjacencyList.cpp */,
				3BFDC68821C0E14D0015866E /* AdjacencyList.hpp */,
				3B90B50821AE928F00779EB7 /* AdjacencyMatrix.cpp */,
				3B90B50921AE928F00779EB7 /* AdjacencyMatrix.hpp */,
				3B90B50221AE925500779EB7 /* EdgeInterface.cpp */,
				3B90B50321AE925500779EB7 /* EdgeInterface.hpp */,
				3B90B50521AE926700779EB7 /* GraphInterface.cpp */,
				3B90B50621AE926700779EB7 /* GraphInterface.hpp */,
				3B90B4FF21AE924A00779EB7 /* VertexInterface.cpp */,
				3B90B50021AE924A00779EB7 /* VertexInterface.hpp */,
			);
			path = graph;
			sourceTree = "<group>";
		};
		3B6A182721AE856B00DD8B06 /* others */ = {
			isa = PBXGroup;
			children = (
				3B7F3D7D21CFAE6D00F04C2F /* DictionaryInterface.cpp */,
				3B7F3D7E21CFAE6D00F04C2F /* DictionaryInterface.hpp */,
				3B90B51D21AE951C00779EB7 /* HashTable.cpp */,
				3B90B51E21AE951C00779EB7 /* HashTable.hpp */,
				3BFDC68A21C0E9440015866E /* Pair.cpp */,
				3BFDC68B21C0E9440015866E /* Pair.hpp */,
				3B90B52021AE952800779EB7 /* PriorityQueueInterface.cpp */,
				3B90B52121AE952800779EB7 /* PriorityQueueInterface.hpp */,
				3BEF50D021C7F39A00056923 /* Test.cpp */,
				3BEF50D121C7F39A00056923 /* Test.hpp */,
				3BE2C19A21AEEA4C00EE7BED /* Utils.cpp */,
				3BE2C19B21AEEA4C00EE7BED /* Utils.hpp */,
			);
			path = others;
			sourceTree = "<group>";
		};
/* End PBXGroup section */

/* Begin PBXNativeTarget section */
		3B6A181921AE80F300DD8B06 /* libds */ = {
			isa = PBXNativeTarget;
			buildConfigurationList = 3B6A182121AE80F300DD8B06 /* Build configuration list for PBXNativeTarget "libds" */;
			buildPhases = (
				3B6A181621AE80F300DD8B06 /* Sources */,
				3B6A181721AE80F300DD8B06 /* Frameworks */,
				3B6A181821AE80F300DD8B06 /* CopyFiles */,
			);
			buildRules = (
			);
			dependencies = (
			);
			name = libds;
			productName = libds;
			productReference = 3B6A181A21AE80F300DD8B06 /* libds */;
			productType = "com.apple.product-type.tool";
		};
/* End PBXNativeTarget section */

/* Begin PBXProject section */
		3B6A181221AE80F300DD8B06 /* Project object */ = {
			isa = PBXProject;
			attributes = {
				LastUpgradeCheck = 1010;
				ORGANIZATIONNAME = vtta;
				TargetAttributes = {
					3B6A181921AE80F300DD8B06 = {
						CreatedOnToolsVersion = 10.1;
					};
				};
			};
			buildConfigurationList = 3B6A181521AE80F300DD8B06 /* Build configuration list for PBXProject "libds" */;
			compatibilityVersion = "Xcode 9.3";
			developmentRegion = en;
			hasScannedForEncodings = 0;
			knownRegions = (
				en,
			);
			mainGroup = 3B6A181121AE80F300DD8B06;
			productRefGroup = 3B6A181B21AE80F300DD8B06 /* Products */;
			projectDirPath = "";
			projectRoot = "";
			targets = (
				3B6A181921AE80F300DD8B06 /* libds */,
			);
		};
/* End PBXProject section */

/* Begin PBXSourcesBuildPhase section */
		3B6A181621AE80F300DD8B06 /* Sources */ = {
			isa = PBXSourcesBuildPhase;
			buildActionMask = 2147483647;
			files = (
				3B9810E021AFC3C000B70BBF /* DoubleListNode.cpp in Sources */,
				3B90B51021AE92F300779EB7 /* BinaryNode.cpp in Sources */,
				3B90B50721AE926700779EB7 /* GraphInterface.cpp in Sources */,
				3B90B50D21AE92AC00779EB7 /* SingleList.cpp in Sources */,
				3B90B4F221AE920B00779EB7 /* Stack.cpp in Sources */,
				3B90B50A21AE928F00779EB7 /* AdjacencyMatrix.cpp in Sources */,
				3B9810E321AFC73D00B70BBF /* DoubleList.cpp in Sources */,
				3B7F3D7F21CFAE6D00F04C2F /* DictionaryInterface.cpp in Sources */,
				3BEF50D221C7F39A00056923 /* Test.cpp in Sources */,
				3B90B50121AE924A00779EB7 /* VertexInterface.cpp in Sources */,
				3B90B50421AE925500779EB7 /* EdgeInterface.cpp in Sources */,
				3BEE9DF421D0B12400C9B8D7 /* BitSet.cpp in Sources */,
				3B90B4EC21AE91F000779EB7 /* Vector.cpp in Sources */,
				3B90B52221AE952800779EB7 /* PriorityQueueInterface.cpp in Sources */,
				3BFDC68921C0E14D0015866E /* AdjacencyList.cpp in Sources */,
				3BFDC68C21C0E9440015866E /* Pair.cpp in Sources */,
				3B90B51621AE930900779EB7 /* BinarySearchTree.cpp in Sources */,
				3B90B4F521AE921200779EB7 /* Queue.cpp in Sources */,
				3B65F21B21CA2E6B0045009A /* CompleteHeap.cpp in Sources */,
				3BE2C19C21AEEA4C00EE7BED /* Utils.cpp in Sources */,
				3B90B51F21AE951C00779EB7 /* HashTable.cpp in Sources */,
				3B90B51321AE92FF00779EB7 /* BinaryTree.cpp in Sources */,
				3B6A181E21AE80F300DD8B06 /* main.cpp in Sources */,
				3B90B51C21AE949200779EB7 /* RedBlackTree.cpp in Sources */,
			);
			runOnlyForDeploymentPostprocessing = 0;
		};
/* End PBXSourcesBuildPhase section */

/* Begin XCBuildConfiguration section */
		3B6A181F21AE80F300DD8B06 /* Debug */ = {
			isa = XCBuildConfiguration;
			buildSettings = {
				ALWAYS_SEARCH_USER_PATHS = NO;
				CLANG_ANALYZER_NONNULL = YES;
				CLANG_ANALYZER_NUMBER_OBJECT_CONVERSION = YES_AGGRESSIVE;
				CLANG_CXX_LANGUAGE_STANDARD = "gnu++14";
				CLANG_CXX_LIBRARY = "libc++";
				CLANG_ENABLE_MODULES = YES;
				CLANG_ENABLE_OBJC_ARC = YES;
				CLANG_ENABLE_OBJC_WEAK = YES;
				CLANG_WARN_BLOCK_CAPTURE_AUTORELEASING = YES;
				CLANG_WARN_BOOL_CONVERSION = YES;
				CLANG_WARN_COMMA = YES;
				CLANG_WARN_CONSTANT_CONVERSION = YES;
				CLANG_WARN_DEPRECATED_OBJC_IMPLEMENTATIONS = YES;
				CLANG_WARN_DIRECT_OBJC_ISA_USAGE = YES_ERROR;
				CLANG_WARN_DOCUMENTATION_COMMENTS = YES;
				CLANG_WARN_EMPTY_BODY = YES;
				CLANG_WARN_ENUM_CONVERSION = YES;
				CLANG_WARN_INFINITE_RECURSION = YES;
				CLANG_WARN_INT_CONVERSION = YES;
				CLANG_WARN_NON_LITERAL_NULL_CONVERSION = YES;
				CLANG_WARN_OBJC_IMPLICIT_RETAIN_SELF = YES;
				CLANG_WARN_OBJC_LITERAL_CONVERSION = YES;
				CLANG_WARN_OBJC_ROOT_CLASS = YES_ERROR;
				CLANG_WARN_RANGE_LOOP_ANALYSIS = YES;
				CLANG_WARN_STRICT_PROTOTYPES = YES;
				CLANG_WARN_SUSPICIOUS_MOVE = YES;
				CLANG_WARN_UNGUARDED_AVAILABILITY = YES_AGGRESSIVE;
				CLANG_WARN_UNREACHABLE_CODE = YES;
				CLANG_WARN__DUPLICATE_METHOD_MATCH = YES;
				CODE_SIGN_IDENTITY = "-";
				COPY_PHASE_STRIP = NO;
				DEBUG_INFORMATION_FORMAT = dwarf;
				ENABLE_STRICT_OBJC_MSGSEND = YES;
				ENABLE_TESTABILITY = YES;
				GCC_C_LANGUAGE_STANDARD = gnu11;
				GCC_DYNAMIC_NO_PIC = NO;
				GCC_NO_COMMON_BLOCKS = YES;
				GCC_OPTIMIZATION_LEVEL = 0;
				GCC_PREPROCESSOR_DEFINITIONS = (
					"DEBUG=1",
					"$(inherited)",
				);
				GCC_WARN_64_TO_32_BIT_CONVERSION = YES;
				GCC_WARN_ABOUT_RETURN_TYPE = YES_ERROR;
				GCC_WARN_UNDECLARED_SELECTOR = YES;
				GCC_WARN_UNINITIALIZED_AUTOS = YES_AGGRESSIVE;
				GCC_WARN_UNUSED_FUNCTION = YES;
				GCC_WARN_UNUSED_VARIABLE = YES;
				MACOSX_DEPLOYMENT_TARGET = 10.14;
				MTL_ENABLE_DEBUG_INFO = INCLUDE_SOURCE;
				MTL_FAST_MATH = YES;
				ONLY_ACTIVE_ARCH = YES;
				SDKROOT = macosx;
			};
			name = Debug;
		};
		3B6A182021AE80F300DD8B06 /* Release */ = {
			isa = XCBuildConfiguration;
			buildSettings = {
				ALWAYS_SEARCH_USER_PATHS = NO;
				CLANG_ANALYZER_NONNULL = YES;
				CLANG_ANALYZER_NUMBER_OBJECT_CONVERSION = YES_AGGRESSIVE;
				CLANG_CXX_LANGUAGE_STANDARD = "gnu++14";
				CLANG_CXX_LIBRARY = "libc++";
				CLANG_ENABLE_MODULES = YES;
				CLANG_ENABLE_OBJC_ARC = YES;
				CLANG_ENABLE_OBJC_WEAK = YES;
				CLANG_WARN_BLOCK_CAPTURE_AUTORELEASING = YES;
				CLANG_WARN_BOOL_CONVERSION = YES;
				CLANG_WARN_COMMA = YES;
				CLANG_WARN_CONSTANT_CONVERSION = YES;
				CLANG_WARN_DEPRECATED_OBJC_IMPLEMENTATIONS = YES;
				CLANG_WARN_DIRECT_OBJC_ISA_USAGE = YES_ERROR;
				CLANG_WARN_DOCUMENTATION_COMMENTS = YES;
				CLANG_WARN_EMPTY_BODY = YES;
				CLANG_WARN_ENUM_CONVERSION = YES;
				CLANG_WARN_INFINITE_RECURSION = YES;
				CLANG_WARN_INT_CONVERSION = YES;
				CLANG_WARN_NON_LITERAL_NULL_CONVERSION = YES;
				CLANG_WARN_OBJC_IMPLICIT_RETAIN_SELF = YES;
				CLANG_WARN_OBJC_LITERAL_CONVERSION = YES;
				CLANG_WARN_OBJC_ROOT_CLASS = YES_ERROR;
				CLANG_WARN_RANGE_LOOP_ANALYSIS = YES;
				CLANG_WARN_STRICT_PROTOTYPES = YES;
				CLANG_WARN_SUSPICIOUS_MOVE = YES;
				CLANG_WARN_UNGUARDED_AVAILABILITY = YES_AGGRESSIVE;
				CLANG_WARN_UNREACHABLE_CODE = YES;
				CLANG_WARN__DUPLICATE_METHOD_MATCH = YES;
				CODE_SIGN_IDENTITY = "-";
				COPY_PHASE_STRIP = NO;
				DEBUG_INFORMATION_FORMAT = "dwarf-with-dsym";
				ENABLE_NS_ASSERTIONS = NO;
				ENABLE_STRICT_OBJC_MSGSEND = YES;
				GCC_C_LANGUAGE_STANDARD = gnu11;
				GCC_NO_COMMON_BLOCKS = YES;
				GCC_WARN_64_TO_32_BIT_CONVERSION = YES;
				GCC_WARN_ABOUT_RETURN_TYPE = YES_ERROR;
				GCC_WARN_UNDECLARED_SELECTOR = YES;
				GCC_WARN_UNINITIALIZED_AUTOS = YES_AGGRESSIVE;
				GCC_WARN_UNUSED_FUNCTION = YES;
				GCC_WARN_UNUSED_VARIABLE = YES;
				MACOSX_DEPLOYMENT_TARGET = 10.14;
				MTL_ENABLE_DEBUG_INFO = NO;
				MTL_FAST_MATH = YES;
				SDKROOT = macosx;
			};
			name = Release;
		};
		3B6A182221AE80F300DD8B06 /* Debug */ = {
			isa = XCBuildConfiguration;
			buildSettings = {
				CODE_SIGN_IDENTITY = "Mac Developer";
				CODE_SIGN_STYLE = Automatic;
				COMPILER_INDEX_STORE_ENABLE = YES;
				DEVELOPMENT_TEAM = 7CNZHFNM4B;
				PRODUCT_NAME = "$(TARGET_NAME)";
				PROVISIONING_PROFILE_SPECIFIER = "";
			};
			name = Debug;
		};
		3B6A182321AE80F300DD8B06 /* Release */ = {
			isa = XCBuildConfiguration;
			buildSettings = {
				CODE_SIGN_IDENTITY = "Mac Developer";
				CODE_SIGN_STYLE = Automatic;
				COMPILER_INDEX_STORE_ENABLE = YES;
				DEVELOPMENT_TEAM = 7CNZHFNM4B;
				PRODUCT_NAME = "$(TARGET_NAME)";
				PROVISIONING_PROFILE_SPECIFIER = "";
			};
			name = Release;
		};
/* End XCBuildConfiguration section */

/* Begin XCConfigurationList section */
		3B6A181521AE80F300DD8B06 /* Build configuration list for PBXProject "libds" */ = {
			isa = XCConfigurationList;
			buildConfigurations = (
				3B6A181F21AE80F300DD8B06 /* Debug */,
				3B6A182021AE80F300DD8B06 /* Release */,
			);
			defaultConfigurationIsVisible = 0;
			defaultConfigurationName = Release;
		};
		3B6A182121AE80F300DD8B06 /* Build configuration list for PBXNativeTarget "libds" */ = {
			isa = XCConfigurationList;
			buildConfigurations = (
				3B6A182221AE80F300DD8B06 /* Debug */,
				3B6A182321AE80F300DD8B06 /* Release */,
			);
			defaultConfigurationIsVisible = 0;
			defaultConfigurationName = Release;
		};
/* End XCConfigurationList section */
	};
	rootObject = 3B6A181221AE80F300DD8B06 /* Project object */;
}
